// !$*UTF8*$!
{
	archiveVersion = 1;
	classes = {
	};
	objectVersion = 46;
	objects = {

/* Begin PBXBuildFile section */
		F102C4751B870BB500651EE8 /* main.m in Sources */ = {isa = PBXBuildFile; fileRef = F102C4741B870BB500651EE8 /* main.m */; };
		F102C4781B870BB500651EE8 /* AppDelegate.m in Sources */ = {isa = PBXBuildFile; fileRef = F102C4771B870BB500651EE8 /* AppDelegate.m */; };
		F102C47B1B870BB500651EE8 /* ViewController.m in Sources */ = {isa = PBXBuildFile; fileRef = F102C47A1B870BB500651EE8 /* ViewController.m */; };
		F102C47E1B870BB500651EE8 /* Main.storyboard in Resources */ = {isa = PBXBuildFile; fileRef = F102C47C1B870BB500651EE8 /* Main.storyboard */; };
		F102C4801B870BB500651EE8 /* Images.xcassets in Resources */ = {isa = PBXBuildFile; fileRef = F102C47F1B870BB500651EE8 /* Images.xcassets */; };
		F102C4831B870BB500651EE8 /* LaunchScreen.xib in Resources */ = {isa = PBXBuildFile; fileRef = F102C4811B870BB500651EE8 /* LaunchScreen.xib */; };
		F102C48F1B870BB500651EE8 /* VChatViewTests.m in Sources */ = {isa = PBXBuildFile; fileRef = F102C48E1B870BB500651EE8 /* VChatViewTests.m */; };
		F102C49A1B870BD800651EE8 /* VChatView.m in Sources */ = {isa = PBXBuildFile; fileRef = F102C4991B870BD800651EE8 /* VChatView.m */; };
/* End PBXBuildFile section */

/* Begin PBXContainerItemProxy section */
		F102C4891B870BB500651EE8 /* PBXContainerItemProxy */ = {
			isa = PBXContainerItemProxy;
			containerPortal = F102C4671B870BB500651EE8 /* Project object */;
			proxyType = 1;
			remoteGlobalIDString = F102C46E1B870BB500651EE8;
			remoteInfo = VChatView;
		};
/* End PBXContainerItemProxy section */

/* Begin PBXFileReference section */
		F102C46F1B870BB500651EE8 /* VChatView.app */ = {isa = PBXFileReference; explicitFileType = wrapper.application; includeInIndex = 0; path = VChatView.app; sourceTree = BUILT_PRODUCTS_DIR; };
		F102C4731B870BB500651EE8 /* Info.plist */ = {isa = PBXFileReference; lastKnownFileType = text.plist.xml; path = Info.plist; sourceTree = "<group>"; };
		F102C4741B870BB500651EE8 /* main.m */ = {isa = PBXFileReference; lastKnownFileType = sourcecode.c.objc; path = main.m; sourceTree = "<group>"; };
		F102C4761B870BB500651EE8 /* AppDelegate.h */ = {isa = PBXFileReference; lastKnownFileType = sourcecode.c.h; path = AppDelegate.h; sourceTree = "<group>"; };
		F102C4771B870BB500651EE8 /* AppDelegate.m */ = {isa = PBXFileReference; lastKnownFileType = sourcecode.c.objc; path = AppDelegate.m; sourceTree = "<group>"; };
		F102C4791B870BB500651EE8 /* ViewController.h */ = {isa = PBXFileReference; lastKnownFileType = sourcecode.c.h; path = ViewController.h; sourceTree = "<group>"; };
		F102C47A1B870BB500651EE8 /* ViewController.m */ = {isa = PBXFileReference; lastKnownFileType = sourcecode.c.objc; path = ViewController.m; sourceTree = "<group>"; };
		F102C47D1B870BB500651EE8 /* Base */ = {isa = PBXFileReference; lastKnownFileType = file.storyboard; name = Base; path = Base.lproj/Main.storyboard; sourceTree = "<group>"; };
		F102C47F1B870BB500651EE8 /* Images.xcassets */ = {isa = PBXFileReference; lastKnownFileType = folder.assetcatalog; path = Images.xcassets; sourceTree = "<group>"; };
		F102C4821B870BB500651EE8 /* Base */ = {isa = PBXFileReference; lastKnownFileType = file.xib; name = Base; path = Base.lproj/LaunchScreen.xib; sourceTree = "<group>"; };
		F102C4881B870BB500651EE8 /* VChatViewTests.xctest */ = {isa = PBXFileReference; explicitFileType = wrapper.cfbundle; includeInIndex = 0; path = VChatViewTests.xctest; sourceTree = BUILT_PRODUCTS_DIR; };
		F102C48D1B870BB500651EE8 /* Info.plist */ = {isa = PBXFileReference; lastKnownFileType = text.plist.xml; path = Info.plist; sourceTree = "<group>"; };
		F102C48E1B870BB500651EE8 /* VChatViewTests.m */ = {isa = PBXFileReference; lastKnownFileType = sourcecode.c.objc; path = VChatViewTests.m; sourceTree = "<group>"; };
		F102C4981B870BD800651EE8 /* VChatView.h */ = {isa = PBXFileReference; fileEncoding = 4; lastKnownFileType = sourcecode.c.h; path = VChatView.h; sourceTree = "<group>"; };
		F102C4991B870BD800651EE8 /* VChatView.m */ = {isa = PBXFileReference; fileEncoding = 4; lastKnownFileType = sourcecode.c.objc; path = VChatView.m; sourceTree = "<group>"; };
/* End PBXFileReference section */

/* Begin PBXFrameworksBuildPhase section */
		F102C46C1B870BB500651EE8 /* Frameworks */ = {
			isa = PBXFrameworksBuildPhase;
			buildActionMask = 2147483647;
			files = (
			);
			runOnlyForDeploymentPostprocessing = 0;
		};
		F102C4851B870BB500651EE8 /* Frameworks */ = {
			isa = PBXFrameworksBuildPhase;
			buildActionMask = 2147483647;
			files = (
			);
			runOnlyForDeploymentPostprocessing = 0;
		};
/* End PBXFrameworksBuildPhase section */

/* Begin PBXGroup section */
		F102C4661B870BB500651EE8 = {
			isa = PBXGroup;
			children = (
				F102C4711B870BB500651EE8 /* VChatView */,
				F102C48B1B870BB500651EE8 /* VChatViewTests */,
				F102C4701B870BB500651EE8 /* Products */,
			);
			sourceTree = "<group>";
		};
		F102C4701B870BB500651EE8 /* Products */ = {
			isa = PBXGroup;
			children = (
				F102C46F1B870BB500651EE8 /* VChatView.app */,
				F102C4881B870BB500651EE8 /* VChatViewTests.xctest */,
			);
			name = Products;
			sourceTree = "<group>";
		};
		F102C4711B870BB500651EE8 /* VChatView */ = {
			isa = PBXGroup;
			children = (
				F102C4761B870BB500651EE8 /* AppDelegate.h */,
				F102C4771B870BB500651EE8 /* AppDelegate.m */,
				F102C4791B870BB500651EE8 /* ViewController.h */,
				F102C47A1B870BB500651EE8 /* ViewController.m */,
				F102C4981B870BD800651EE8 /* VChatView.h */,
				F102C4991B870BD800651EE8 /* VChatView.m */,
				F102C47C1B870BB500651EE8 /* Main.storyboard */,
				F102C47F1B870BB500651EE8 /* Images.xcassets */,
				F102C4811B870BB500651EE8 /* LaunchScreen.xib */,
				F102C4721B870BB500651EE8 /* Supporting Files */,
			);
			path = VChatView;
			sourceTree = "<group>";
		};
		F102C4721B870BB500651EE8 /* Supporting Files */ = {
			isa = PBXGroup;
			children = (
				F102C4731B870BB500651EE8 /* Info.plist */,
				F102C4741B870BB500651EE8 /* main.m */,
			);
			name = "Supporting Files";
			sourceTree = "<group>";
		};
		F102C48B1B870BB500651EE8 /* VChatViewTests */ = {
			isa = PBXGroup;
			children = (
				F102C48E1B870BB500651EE8 /* VChatViewTests.m */,
				F102C48C1B870BB500651EE8 /* Supporting Files */,
			);
			path = VChatViewTests;
			sourceTree = "<group>";
		};
		F102C48C1B870BB500651EE8 /* Supporting Files */ = {
			isa = PBXGroup;
			children = (
				F102C48D1B870BB500651EE8 /* Info.plist */,
			);
			name = "Supporting Files";
			sourceTree = "<group>";
		};
/* End PBXGroup section */

/* Begin PBXNativeTarget section */
		F102C46E1B870BB500651EE8 /* VChatView */ = {
			isa = PBXNativeTarget;
			buildConfigurationList = F102C4921B870BB500651EE8 /* Build configuration list for PBXNativeTarget "VChatView" */;
			buildPhases = (
				F102C46B1B870BB500651EE8 /* Sources */,
				F102C46C1B870BB500651EE8 /* Frameworks */,
				F102C46D1B870BB500651EE8 /* Resources */,
			);
			buildRules = (
			);
			dependencies = (
			);
			name = VChatView;
			productName = VChatView;
			productReference = F102C46F1B870BB500651EE8 /* VChatView.app */;
			productType = "com.apple.product-type.application";
		};
		F102C4871B870BB500651EE8 /* VChatViewTests */ = {
			isa = PBXNativeTarget;
			buildConfigurationList = F102C4951B870BB500651EE8 /* Build configuration list for PBXNativeTarget "VChatViewTests" */;
			buildPhases = (
				F102C4841B870BB500651EE8 /* Sources */,
				F102C4851B870BB500651EE8 /* Frameworks */,
				F102C4861B870BB500651EE8 /* Resources */,
			);
			buildRules = (
			);
			dependencies = (
				F102C48A1B870BB500651EE8 /* PBXTargetDependency */,
			);
			name = VChatViewTests;
			productName = VChatViewTests;
			productReference = F102C4881B870BB500651EE8 /* VChatViewTests.xctest */;
			productType = "com.apple.product-type.bundle.unit-test";
		};
/* End PBXNativeTarget section */

/* Begin PBXProject section */
		F102C4671B870BB500651EE8 /* Project object */ = {
			isa = PBXProject;
			attributes = {
				LastUpgradeCheck = 0640;
				ORGANIZATIONNAME = Vols;
				TargetAttributes = {
					F102C46E1B870BB500651EE8 = {
						CreatedOnToolsVersion = 6.4;
					};
					F102C4871B870BB500651EE8 = {
						CreatedOnToolsVersion = 6.4;
						TestTargetID = F102C46E1B870BB500651EE8;
					};
				};
			};
			buildConfigurationList = F102C46A1B870BB500651EE8 /* Build configuration list for PBXProject "VChatView" */;
			compatibilityVersion = "Xcode 3.2";
			developmentRegion = English;
			hasScannedForEncodings = 0;
			knownRegions = (
				en,
				Base,
			);
			mainGroup = F102C4661B870BB500651EE8;
			productRefGroup = F102C4701B870BB500651EE8 /* Products */;
			projectDirPath = "";
			projectRoot = "";
			targets = (
				F102C46E1B870BB500651EE8 /* VChatView */,
				F102C4871B870BB500651EE8 /* VChatViewTests */,
			);
		};
/* End PBXProject section */

/* Begin PBXResourcesBuildPhase section */
		F102C46D1B870BB500651EE8 /* Resources */ = {
			isa = PBXResourcesBuildPhase;
			buildActionMask = 2147483647;
			files = (
				F102C47E1B870BB500651EE8 /* Main.storyboard in Resources */,
				F102C4831B870BB500651EE8 /* LaunchScreen.xib in Resources */,
				F102C4801B870BB500651EE8 /* Images.xcassets in Resources */,
			);
			runOnlyForDeploymentPostprocessing = 0;
		};
		F102C4861B870BB500651EE8 /* Resources */ = {
			isa = PBXResourcesBuildPhase;
			buildActionMask = 2147483647;
			files = (
			);
			runOnlyForDeploymentPostprocessing = 0;
		};
/* End PBXResourcesBuildPhase section */

/* Begin PBXSourcesBuildPhase section */
		F102C46B1B870BB500651EE8 /* Sources */ = {
			isa = PBXSourcesBuildPhase;
			buildActionMask = 2147483647;
			files = (
				F102C47B1B870BB500651EE8 /* ViewController.m in Sources */,
				F102C4781B870BB500651EE8 /* AppDelegate.m in Sources */,
				F102C4751B870BB500651EE8 /* main.m in Sources */,
				F102C49A1B870BD800651EE8 /* VChatView.m in Sources */,
			);
			runOnlyForDeploymentPostprocessing = 0;
		};
		F102C4841B870BB500651EE8 /* Sources */ = {
			isa = PBXSourcesBuildPhase;
			buildActionMask = 2147483647;
			files = (
				F102C48F1B870BB500651EE8 /* VChatViewTests.m in Sources */,
			);
			runOnlyForDeploymentPostprocessing = 0;
		};
/* End PBXSourcesBuildPhase section */

/* Begin PBXTargetDependency section */
		F102C48A1B870BB500651EE8 /* PBXTargetDependency */ = {
			isa = PBXTargetDependency;
			target = F102C46E1B870BB500651EE8 /* VChatView */;
			targetProxy = F102C4891B870BB500651EE8 /* PBXContainerItemProxy */;
		};
/* End PBXTargetDependency section */

/* Begin PBXVariantGroup section */
		F102C47C1B870BB500651EE8 /* Main.storyboard */ = {
			isa = PBXVariantGroup;
			children = (
				F102C47D1B870BB500651EE8 /* Base */,
			);
			name = Main.storyboard;
			sourceTree = "<group>";
		};
		F102C4811B870BB500651EE8 /* LaunchScreen.xib */ = {
			isa = PBXVariantGroup;
			children = (
				F102C4821B870BB500651EE8 /* Base */,
			);
			name = LaunchScreen.xib;
			sourceTree = "<group>";
		};
/* End PBXVariantGroup section */

/* Begin XCBuildConfiguration section */
		F102C4901B870BB500651EE8 /* Debug */ = {
			isa = XCBuildConfiguration;
			buildSettings = {
				ALWAYS_SEARCH_USER_PATHS = NO;
				CLANG_CXX_LANGUAGE_STANDARD = "gnu++0x";
				CLANG_CXX_LIBRARY = "libc++";
				CLANG_ENABLE_MODULES = YES;
				CLANG_ENABLE_OBJC_ARC = YES;
				CLANG_WARN_BOOL_CONVERSION = YES;
				CLANG_WARN_CONSTANT_CONVERSION = YES;
				CLANG_WARN_DIRECT_OBJC_ISA_USAGE = YES_ERROR;
				CLANG_WARN_EMPTY_BODY = YES;
				CLANG_WARN_ENUM_CONVERSION = YES;
				CLANG_WARN_INT_CONVERSION = YES;
				CLANG_WARN_OBJC_ROOT_CLASS = YES_ERROR;
				CLANG_WARN_UNREACHABLE_CODE = YES;
				CLANG_WARN__DUPLICATE_METHOD_MATCH = YES;
				"CODE_SIGN_IDENTITY[sdk=iphoneos*]" = "iPhone Developer";
				COPY_PHASE_STRIP = NO;
				DEBUG_INFORMATION_FORMAT = "dwarf-with-dsym";
				ENABLE_STRICT_OBJC_MSGSEND = YES;
				GCC_C_LANGUAGE_STANDARD = gnu99;
				GCC_DYNAMIC_NO_PIC = NO;
				GCC_NO_COMMON_BLOCKS = YES;
				GCC_OPTIMIZATION_LEVEL = 0;
				GCC_PREPROCESSOR_DEFINITIONS = (
					"DEBUG=1",
					"$(inherited)",
				);
				GCC_SYMBOLS_PRIVATE_EXTERN = NO;
				GCC_WARN_64_TO_32_BIT_CONVERSION = YES;
				GCC_WARN_ABOUT_RETURN_TYPE = YES_ERROR;
				GCC_WARN_UNDECLARED_SELECTOR = YES;
				GCC_WARN_UNINITIALIZED_AUTOS = YES_AGGRESSIVE;
				GCC_WARN_UNUSED_FUNCTION = YES;
				GCC_WARN_UNUSED_VARIABLE = YES;
				IPHONEOS_DEPLOYMENT_TARGET = 8.4;
				MTL_ENABLE_DEBUG_INFO = YES;
				ONLY_ACTIVE_ARCH = YES;
				SDKROOT = iphoneos;
			};
			name = Debug;
		};
		F102C4911B870BB500651EE8 /* Release */ = {
			isa = XCBuildConfiguration;
			buildSettings = {
				ALWAYS_SEARCH_USER_PATHS = NO;
				CLANG_CXX_LANGUAGE_STANDARD = "gnu++0x";
				CLANG_CXX_LIBRARY = "libc++";
				CLANG_ENABLE_MODULES = YES;
				CLANG_ENABLE_OBJC_ARC = YES;
				CLANG_WARN_BOOL_CONVERSION = YES;
				CLANG_WARN_CONSTANT_CONVERSION = YES;
				CLANG_WARN_DIRECT_OBJC_ISA_USAGE = YES_ERROR;
				CLANG_WARN_EMPTY_BODY = YES;
				CLANG_WARN_ENUM_CONVERSION = YES;
				CLANG_WARN_INT_CONVERSION = YES;
				CLANG_WARN_OBJC_ROOT_CLASS = YES_ERROR;
				CLANG_WARN_UNREACHABLE_CODE = YES;
				CLANG_WARN__DUPLICATE_METHOD_MATCH = YES;
				"CODE_SIGN_IDENTITY[sdk=iphoneos*]" = "iPhone Developer";
				COPY_PHASE_STRIP = NO;
				DEBUG_INFORMATION_FORMAT = "dwarf-with-dsym";
				ENABLE_NS_ASSERTIONS = NO;
				ENABLE_STRICT_OBJC_MSGSEND = YES;
				GCC_C_LANGUAGE_STANDARD = gnu99;
				GCC_NO_COMMON_BLOCKS = YES;
				GCC_WARN_64_TO_32_BIT_CONVERSION = YES;
				GCC_WARN_ABOUT_RETURN_TYPE = YES_ERROR;
				GCC_WARN_UNDECLARED_SELECTOR = YES;
				GCC_WARN_UNINITIALIZED_AUTOS = YES_AGGRESSIVE;
				GCC_WARN_UNUSED_FUNCTION = YES;
				GCC_WARN_UNUSED_VARIABLE = YES;
				IPHONEOS_DEPLOYMENT_TARGET = 8.4;
				MTL_ENABLE_DEBUG_INFO = NO;
				SDKROOT = iphoneos;
				VALIDATE_PRODUCT = YES;
			};
			name = Release;
		};
		F102C4931B870BB500651EE8 /* Debug */ = {
			isa = XCBuildConfiguration;
			buildSettings = {
				ASSETCATALOG_COMPILER_APPICON_NAME = AppIcon;
				INFOPLIST_FILE = VChatView/Info.plist;
				LD_RUNPATH_SEARCH_PATHS = "$(inherited) @executable_path/Frameworks";
				PRODUCT_NAME = "$(TARGET_NAME)";
			};
			name = Debug;
		};
		F102C4941B870BB500651EE8 /* Release */ = {
			isa = XCBuildConfiguration;
			buildSettings = {
				ASSETCATALOG_COMPILER_APPICON_NAME = AppIcon;
				INFOPLIST_FILE = VChatView/Info.plist;
				LD_RUNPATH_SEARCH_PATHS = "$(inherited) @executable_path/Frameworks";
				PRODUCT_NAME = "$(TARGET_NAME)";
			};
			name = Release;
		};
		F102C4961B870BB500651EE8 /* Debug */ = {
			isa = XCBuildConfiguration;
			buildSettings = {
				BUNDLE_LOADER = "$(TEST_HOST)";
				FRAMEWORK_SEARCH_PATHS = (
					"$(SDKROOT)/Developer/Library/Frameworks",
					"$(inherited)",
				);
				GCC_PREPROCESSOR_DEFINITIONS = (
					"DEBUG=1",
					"$(inherited)",
				);
				INFOPLIST_FILE = VChatViewTests/Info.plist;
				LD_RUNPATH_SEARCH_PATHS = "$(inherited) @executable_path/Frameworks @loader_path/Frameworks";
				PRODUCT_NAME = "$(TARGET_NAME)";
				TEST_HOST = "$(BUILT_PRODUCTS_DIR)/VChatView.app/VChatView";
			};
			name = Debug;
		};
		F102C4971B870BB500651EE8 /* Release */ = {
			isa = XCBuildConfiguration;
			buildSettings = {
				BUNDLE_LOADER = "$(TEST_HOST)";
				FRAMEWORK_SEARCH_PATHS = (
					"$(SDKROOT)/Developer/Library/Frameworks",
					"$(inherited)",
				);
				INFOPLIST_FILE = VChatViewTests/Info.plist;
				LD_RUNPATH_SEARCH_PATHS = "$(inherited) @executable_path/Frameworks @loader_path/Frameworks";
				PRODUCT_NAME = "$(TARGET_NAME)";
				TEST_HOST = "$(BUILT_PRODUCTS_DIR)/VChatView.app/VChatView";
			};
			name = Release;
		};
/* End XCBuildConfiguration section */

/* Begin XCConfigurationList section */
		F102C46A1B870BB500651EE8 /* Build configuration list for PBXProject "VChatView" */ = {
			isa = XCConfigurationList;
			buildConfigurations = (
				F102C4901B870BB500651EE8 /* Debug */,
				F102C4911B870BB500651EE8 /* Release */,
			);
			defaultConfigurationIsVisible = 0;
			defaultConfigurationName = Release;
		};
		F102C4921B870BB500651EE8 /* Build configuration list for PBXNativeTarget "VChatView" */ = {
			isa = XCConfigurationList;
			buildConfigurations = (
				F102C4931B870BB500651EE8 /* Debug */,
				F102C4941B870BB500651EE8 /* Release */,
			);
			defaultConfigurationIsVisible = 0;
		};
		F102C4951B870BB500651EE8 /* Build configuration list for PBXNativeTarget "VChatViewTests" */ = {
			isa = XCConfigurationList;
			buildConfigurations = (
				F102C4961B870BB500651EE8 /* Debug */,
				F102C4971B870BB500651EE8 /* Release */,
			);
			defaultConfigurationIsVisible = 0;
		};
/* End XCConfigurationList section */
	};
	rootObject = F102C4671B870BB500651EE8 /* Project object */;
}
